
Microsoft Visual Studio Solution File, Format Version 12.00
# Visual Studio 15
VisualStudioVersion = 15.0.27130.2026
MinimumVisualStudioVersion = 10.0.40219.1
Project("{FAE04EC0-301F-11D3-BF4B-00C04F79EFBC}") = "ZXCryptShellExtension", "ZXCryptShellExtension\ZXCryptShellExtension.csproj", "{54003EC1-5272-4C28-8284-42E518E8F567}"
EndProject
Project("{FAE04EC0-301F-11D3-BF4B-00C04F79EFBC}") = "ZXEncryption", "ZXEncryption\ZXEncryption.csproj", "{9B485E1B-EF8F-432B-A914-65BB2DE63F98}"
EndProject
Project("{FAE04EC0-301F-11D3-BF4B-00C04F79EFBC}") = "ZXCryptShared", "ZXCryptShared\ZXCryptShared.csproj", "{36D55B83-C65A-44E9-8D67-0A2954C5B687}"
EndProject
Project("{FAE04EC0-301F-11D3-BF4B-00C04F79EFBC}") = "ZXCryptApp", "ZXCryptApp\ZXCryptApp.csproj", "{4FEE6B00-39D8-4EEC-9947-B216DBB1095F}"
EndProject
Project("{FAE04EC0-301F-11D3-BF4B-00C04F79EFBC}") = "ZXCryptMon", "ZXCryptMon\ZXCryptMon.csproj", "{705C717B-DD35-4158-9A24-23D7C4837360}"
EndProject
Project("{54435603-DBB4-11D2-8724-00A0C9A8B90C}") = "ZXCryptInstall", "ZXCryptInstall\ZXCryptInstall.vdproj", "{6CFF2252-29DE-40BB-81AB-CA8A93FF145B}"
EndProject
Global
	GlobalSection(SolutionConfigurationPlatforms) = preSolution
		Debug|Any CPU = Debug|Any CPU
		Release|Any CPU = Release|Any CPU
	EndGlobalSection
	GlobalSection(ProjectConfigurationPlatforms) = postSolution
		{54003EC1-5272-4C28-8284-42E518E8F567}.Debug|Any CPU.ActiveCfg = Debug|Any CPU
		{54003EC1-5272-4C28-8284-42E518E8F567}.Debug|Any CPU.Build.0 = Debug|Any CPU
		{54003EC1-5272-4C28-8284-42E518E8F567}.Release|Any CPU.ActiveCfg = Release|Any CPU
		{54003EC1-5272-4C28-8284-42E518E8F567}.Release|Any CPU.Build.0 = Release|Any CPU
		{9B485E1B-EF8F-432B-A914-65BB2DE63F98}.Debug|Any CPU.ActiveCfg = Debug|Any CPU
		{9B485E1B-EF8F-432B-A914-65BB2DE63F98}.Debug|Any CPU.Build.0 = Debug|Any CPU
		{9B485E1B-EF8F-432B-A914-65BB2DE63F98}.Release|Any CPU.ActiveCfg = Release|Any CPU
		{9B485E1B-EF8F-432B-A914-65BB2DE63F98}.Release|Any CPU.Build.0 = Release|Any CPU
		{36D55B83-C65A-44E9-8D67-0A2954C5B687}.Debug|Any CPU.ActiveCfg = Debug|Any CPU
		{36D55B83-C65A-44E9-8D67-0A2954C5B687}.Debug|Any CPU.Build.0 = Debug|Any CPU
		{36D55B83-C65A-44E9-8D67-0A2954C5B687}.Release|Any CPU.ActiveCfg = Release|Any CPU
		{36D55B83-C65A-44E9-8D67-0A2954C5B687}.Release|Any CPU.Build.0 = Release|Any CPU
		{4FEE6B00-39D8-4EEC-9947-B216DBB1095F}.Debug|Any CPU.ActiveCfg = Debug|Any CPU
		{4FEE6B00-39D8-4EEC-9947-B216DBB1095F}.Debug|Any CPU.Build.0 = Debug|Any CPU
		{4FEE6B00-39D8-4EEC-9947-B216DBB1095F}.Release|Any CPU.ActiveCfg = Release|Any CPU
		{4FEE6B00-39D8-4EEC-9947-B216DBB1095F}.Release|Any CPU.Build.0 = Release|Any CPU
		{705C717B-DD35-4158-9A24-23D7C4837360}.Debug|Any CPU.ActiveCfg = Debug|Any CPU
		{705C717B-DD35-4158-9A24-23D7C4837360}.Debug|Any CPU.Build.0 = Debug|Any CPU
		{705C717B-DD35-4158-9A24-23D7C4837360}.Release|Any CPU.ActiveCfg = Release|Any CPU
		{705C717B-DD35-4158-9A24-23D7C4837360}.Release|Any CPU.Build.0 = Release|Any CPU
		{6CFF2252-29DE-40BB-81AB-CA8A93FF145B}.Debug|Any CPU.ActiveCfg = Debug
		{6CFF2252-29DE-40BB-81AB-CA8A93FF145B}.Release|Any CPU.ActiveCfg = Release
	EndGlobalSection
	GlobalSection(SolutionProperties) = preSolution
		HideSolutionNode = FALSE
	EndGlobalSection
	GlobalSection(ExtensibilityGlobals) = postSolution
		SolutionGuid = {F51F9640-8512-44F9-B909-708FF3992F7A}
	EndGlobalSection
EndGlobal
